
Microsoft Visual Studio Solution File, Format Version 12.00
# Visual Studio 2013
VisualStudioVersion = 12.0.21005.1
MinimumVisualStudioVersion = 10.0.40219.1
Project("{FAE04EC0-301F-11D3-BF4B-00C04F79EFBC}") = "Doloco", "Doloco\Doloco\Doloco.csproj", "{89721E54-0AB7-4621-8B24-AD0FBB98EC30}"
EndProject
Project("{FAE04EC0-301F-11D3-BF4B-00C04F79EFBC}") = "Doloco.Android", "Doloco\Doloco.Android\Doloco.Android.csproj", "{4E59FA47-FEB4-4F46-B9B0-E2127B9CC33F}"
EndProject
Project("{FAE04EC0-301F-11D3-BF4B-00C04F79EFBC}") = "DolocoApiClient", "DolocoApiClient\DolocoApiClient\DolocoApiClient.csproj", "{4D12CD75-A48D-4317-92CF-CC2B630AB8B5}"
EndProject
Project("{FAE04EC0-301F-11D3-BF4B-00C04F79EFBC}") = "Doloco.iOS", "Doloco\Doloco.iOS\Doloco.iOS.csproj", "{C3B5DA25-4142-4AA6-A32F-5F27A698121C}"
EndProject
Global
	GlobalSection(SolutionConfigurationPlatforms) = preSolution
		Ad-Hoc|Any CPU = Ad-Hoc|Any CPU
		Ad-Hoc|iPhone = Ad-Hoc|iPhone
		Ad-Hoc|iPhoneSimulator = Ad-Hoc|iPhoneSimulator
		Ad-Hoc|Mixed Platforms = Ad-Hoc|Mixed Platforms
		AppStore|Any CPU = AppStore|Any CPU
		AppStore|iPhone = AppStore|iPhone
		AppStore|iPhoneSimulator = AppStore|iPhoneSimulator
		AppStore|Mixed Platforms = AppStore|Mixed Platforms
		Debug|Any CPU = Debug|Any CPU
		Debug|iPhone = Debug|iPhone
		Debug|iPhoneSimulator = Debug|iPhoneSimulator
		Debug|Mixed Platforms = Debug|Mixed Platforms
		Release|Any CPU = Release|Any CPU
		Release|iPhone = Release|iPhone
		Release|iPhoneSimulator = Release|iPhoneSimulator
		Release|Mixed Platforms = Release|Mixed Platforms
	EndGlobalSection
	GlobalSection(ProjectConfigurationPlatforms) = postSolution
		{89721E54-0AB7-4621-8B24-AD0FBB98EC30}.Ad-Hoc|Any CPU.ActiveCfg = Release|Any CPU
		{89721E54-0AB7-4621-8B24-AD0FBB98EC30}.Ad-Hoc|Any CPU.Build.0 = Release|Any CPU
		{89721E54-0AB7-4621-8B24-AD0FBB98EC30}.Ad-Hoc|iPhone.ActiveCfg = Release|Any CPU
		{89721E54-0AB7-4621-8B24-AD0FBB98EC30}.Ad-Hoc|iPhoneSimulator.ActiveCfg = Release|Any CPU
		{89721E54-0AB7-4621-8B24-AD0FBB98EC30}.Ad-Hoc|Mixed Platforms.ActiveCfg = Release|Any CPU
		{89721E54-0AB7-4621-8B24-AD0FBB98EC30}.Ad-Hoc|Mixed Platforms.Build.0 = Release|Any CPU
		{89721E54-0AB7-4621-8B24-AD0FBB98EC30}.AppStore|Any CPU.ActiveCfg = Release|Any CPU
		{89721E54-0AB7-4621-8B24-AD0FBB98EC30}.AppStore|Any CPU.Build.0 = Release|Any CPU
		{89721E54-0AB7-4621-8B24-AD0FBB98EC30}.AppStore|iPhone.ActiveCfg = Release|Any CPU
		{89721E54-0AB7-4621-8B24-AD0FBB98EC30}.AppStore|iPhoneSimulator.ActiveCfg = Release|Any CPU
		{89721E54-0AB7-4621-8B24-AD0FBB98EC30}.AppStore|Mixed Platforms.ActiveCfg = Release|Any CPU
		{89721E54-0AB7-4621-8B24-AD0FBB98EC30}.AppStore|Mixed Platforms.Build.0 = Release|Any CPU
		{89721E54-0AB7-4621-8B24-AD0FBB98EC30}.Debug|Any CPU.ActiveCfg = Debug|Any CPU
		{89721E54-0AB7-4621-8B24-AD0FBB98EC30}.Debug|Any CPU.Build.0 = Debug|Any CPU
		{89721E54-0AB7-4621-8B24-AD0FBB98EC30}.Debug|iPhone.ActiveCfg = Debug|Any CPU
		{89721E54-0AB7-4621-8B24-AD0FBB98EC30}.Debug|iPhoneSimulator.ActiveCfg = Debug|Any CPU
		{89721E54-0AB7-4621-8B24-AD0FBB98EC30}.Debug|Mixed Platforms.ActiveCfg = Debug|Any CPU
		{89721E54-0AB7-4621-8B24-AD0FBB98EC30}.Debug|Mixed Platforms.Build.0 = Debug|Any CPU
		{89721E54-0AB7-4621-8B24-AD0FBB98EC30}.Release|Any CPU.ActiveCfg = Release|Any CPU
		{89721E54-0AB7-4621-8B24-AD0FBB98EC30}.Release|Any CPU.Build.0 = Release|Any CPU
		{89721E54-0AB7-4621-8B24-AD0FBB98EC30}.Release|iPhone.ActiveCfg = Release|Any CPU
		{89721E54-0AB7-4621-8B24-AD0FBB98EC30}.Release|iPhoneSimulator.ActiveCfg = Release|Any CPU
		{89721E54-0AB7-4621-8B24-AD0FBB98EC30}.Release|Mixed Platforms.ActiveCfg = Release|Any CPU
		{89721E54-0AB7-4621-8B24-AD0FBB98EC30}.Release|Mixed Platforms.Build.0 = Release|Any CPU
		{4E59FA47-FEB4-4F46-B9B0-E2127B9CC33F}.Ad-Hoc|Any CPU.ActiveCfg = Release|Any CPU
		{4E59FA47-FEB4-4F46-B9B0-E2127B9CC33F}.Ad-Hoc|Any CPU.Build.0 = Release|Any CPU
		{4E59FA47-FEB4-4F46-B9B0-E2127B9CC33F}.Ad-Hoc|Any CPU.Deploy.0 = Release|Any CPU
		{4E59FA47-FEB4-4F46-B9B0-E2127B9CC33F}.Ad-Hoc|iPhone.ActiveCfg = Release|Any CPU
		{4E59FA47-FEB4-4F46-B9B0-E2127B9CC33F}.Ad-Hoc|iPhoneSimulator.ActiveCfg = Release|Any CPU
		{4E59FA47-FEB4-4F46-B9B0-E2127B9CC33F}.Ad-Hoc|Mixed Platforms.ActiveCfg = Release|Any CPU
		{4E59FA47-FEB4-4F46-B9B0-E2127B9CC33F}.Ad-Hoc|Mixed Platforms.Build.0 = Release|Any CPU
		{4E59FA47-FEB4-4F46-B9B0-E2127B9CC33F}.Ad-Hoc|Mixed Platforms.Deploy.0 = Release|Any CPU
		{4E59FA47-FEB4-4F46-B9B0-E2127B9CC33F}.AppStore|Any CPU.ActiveCfg = Release|Any CPU
		{4E59FA47-FEB4-4F46-B9B0-E2127B9CC33F}.AppStore|Any CPU.Build.0 = Release|Any CPU
		{4E59FA47-FEB4-4F46-B9B0-E2127B9CC33F}.AppStore|Any CPU.Deploy.0 = Release|Any CPU
		{4E59FA47-FEB4-4F46-B9B0-E2127B9CC33F}.AppStore|iPhone.ActiveCfg = Release|Any CPU
		{4E59FA47-FEB4-4F46-B9B0-E2127B9CC33F}.AppStore|iPhoneSimulator.ActiveCfg = Release|Any CPU
		{4E59FA47-FEB4-4F46-B9B0-E2127B9CC33F}.AppStore|Mixed Platforms.ActiveCfg = Release|Any CPU
		{4E59FA47-FEB4-4F46-B9B0-E2127B9CC33F}.AppStore|Mixed Platforms.Build.0 = Release|Any CPU
		{4E59FA47-FEB4-4F46-B9B0-E2127B9CC33F}.AppStore|Mixed Platforms.Deploy.0 = Release|Any CPU
		{4E59FA47-FEB4-4F46-B9B0-E2127B9CC33F}.Debug|Any CPU.ActiveCfg = Debug|Any CPU
		{4E59FA47-FEB4-4F46-B9B0-E2127B9CC33F}.Debug|Any CPU.Build.0 = Debug|Any CPU
		{4E59FA47-FEB4-4F46-B9B0-E2127B9CC33F}.Debug|Any CPU.Deploy.0 = Debug|Any CPU
		{4E59FA47-FEB4-4F46-B9B0-E2127B9CC33F}.Debug|iPhone.ActiveCfg = Debug|Any CPU
		{4E59FA47-FEB4-4F46-B9B0-E2127B9CC33F}.Debug|iPhoneSimulator.ActiveCfg = Debug|Any CPU
		{4E59FA47-FEB4-4F46-B9B0-E2127B9CC33F}.Debug|Mixed Platforms.ActiveCfg = Debug|Any CPU
		{4E59FA47-FEB4-4F46-B9B0-E2127B9CC33F}.Debug|Mixed Platforms.Build.0 = Debug|Any CPU
		{4E59FA47-FEB4-4F46-B9B0-E2127B9CC33F}.Debug|Mixed Platforms.Deploy.0 = Debug|Any CPU
		{4E59FA47-FEB4-4F46-B9B0-E2127B9CC33F}.Release|Any CPU.ActiveCfg = Release|Any CPU
		{4E59FA47-FEB4-4F46-B9B0-E2127B9CC33F}.Release|Any CPU.Build.0 = Release|Any CPU
		{4E59FA47-FEB4-4F46-B9B0-E2127B9CC33F}.Release|Any CPU.Deploy.0 = Release|Any CPU
		{4E59FA47-FEB4-4F46-B9B0-E2127B9CC33F}.Release|iPhone.ActiveCfg = Release|Any CPU
		{4E59FA47-FEB4-4F46-B9B0-E2127B9CC33F}.Release|iPhoneSimulator.ActiveCfg = Release|Any CPU
		{4E59FA47-FEB4-4F46-B9B0-E2127B9CC33F}.Release|Mixed Platforms.ActiveCfg = Release|Any CPU
		{4E59FA47-FEB4-4F46-B9B0-E2127B9CC33F}.Release|Mixed Platforms.Build.0 = Release|Any CPU
		{4E59FA47-FEB4-4F46-B9B0-E2127B9CC33F}.Release|Mixed Platforms.Deploy.0 = Release|Any CPU
		{4D12CD75-A48D-4317-92CF-CC2B630AB8B5}.Ad-Hoc|Any CPU.ActiveCfg = Release|Any CPU
		{4D12CD75-A48D-4317-92CF-CC2B630AB8B5}.Ad-Hoc|Any CPU.Build.0 = Release|Any CPU
		{4D12CD75-A48D-4317-92CF-CC2B630AB8B5}.Ad-Hoc|iPhone.ActiveCfg = Release|Any CPU
		{4D12CD75-A48D-4317-92CF-CC2B630AB8B5}.Ad-Hoc|iPhoneSimulator.ActiveCfg = Release|Any CPU
		{4D12CD75-A48D-4317-92CF-CC2B630AB8B5}.Ad-Hoc|Mixed Platforms.ActiveCfg = Release|Any CPU
		{4D12CD75-A48D-4317-92CF-CC2B630AB8B5}.Ad-Hoc|Mixed Platforms.Build.0 = Release|Any CPU
		{4D12CD75-A48D-4317-92CF-CC2B630AB8B5}.AppStore|Any CPU.ActiveCfg = Release|Any CPU
		{4D12CD75-A48D-4317-92CF-CC2B630AB8B5}.AppStore|Any CPU.Build.0 = Release|Any CPU
		{4D12CD75-A48D-4317-92CF-CC2B630AB8B5}.AppStore|iPhone.ActiveCfg = Release|Any CPU
		{4D12CD75-A48D-4317-92CF-CC2B630AB8B5}.AppStore|iPhoneSimulator.ActiveCfg = Release|Any CPU
		{4D12CD75-A48D-4317-92CF-CC2B630AB8B5}.AppStore|Mixed Platforms.ActiveCfg = Release|Any CPU
		{4D12CD75-A48D-4317-92CF-CC2B630AB8B5}.AppStore|Mixed Platforms.Build.0 = Release|Any CPU
		{4D12CD75-A48D-4317-92CF-CC2B630AB8B5}.Debug|Any CPU.ActiveCfg = Debug|Any CPU
		{4D12CD75-A48D-4317-92CF-CC2B630AB8B5}.Debug|Any CPU.Build.0 = Debug|Any CPU
		{4D12CD75-A48D-4317-92CF-CC2B630AB8B5}.Debug|iPhone.ActiveCfg = Debug|Any CPU
		{4D12CD75-A48D-4317-92CF-CC2B630AB8B5}.Debug|iPhoneSimulator.ActiveCfg = Debug|Any CPU
		{4D12CD75-A48D-4317-92CF-CC2B630AB8B5}.Debug|Mixed Platforms.ActiveCfg = Debug|Any CPU
		{4D12CD75-A48D-4317-92CF-CC2B630AB8B5}.Debug|Mixed Platforms.Build.0 = Debug|Any CPU
		{4D12CD75-A48D-4317-92CF-CC2B630AB8B5}.Release|Any CPU.ActiveCfg = Release|Any CPU
		{4D12CD75-A48D-4317-92CF-CC2B630AB8B5}.Release|Any CPU.Build.0 = Release|Any CPU
		{4D12CD75-A48D-4317-92CF-CC2B630AB8B5}.Release|iPhone.ActiveCfg = Release|Any CPU
		{4D12CD75-A48D-4317-92CF-CC2B630AB8B5}.Release|iPhoneSimulator.ActiveCfg = Release|Any CPU
		{4D12CD75-A48D-4317-92CF-CC2B630AB8B5}.Release|Mixed Platforms.ActiveCfg = Release|Any CPU
		{4D12CD75-A48D-4317-92CF-CC2B630AB8B5}.Release|Mixed Platforms.Build.0 = Release|Any CPU
		{C3B5DA25-4142-4AA6-A32F-5F27A698121C}.Ad-Hoc|Any CPU.ActiveCfg = Ad-Hoc|iPhone
		{C3B5DA25-4142-4AA6-A32F-5F27A698121C}.Ad-Hoc|iPhone.ActiveCfg = Ad-Hoc|iPhone
		{C3B5DA25-4142-4AA6-A32F-5F27A698121C}.Ad-Hoc|iPhone.Build.0 = Ad-Hoc|iPhone
		{C3B5DA25-4142-4AA6-A32F-5F27A698121C}.Ad-Hoc|iPhoneSimulator.ActiveCfg = Ad-Hoc|iPhoneSimulator
		{C3B5DA25-4142-4AA6-A32F-5F27A698121C}.Ad-Hoc|iPhoneSimulator.Build.0 = Ad-Hoc|iPhoneSimulator
		{C3B5DA25-4142-4AA6-A32F-5F27A698121C}.Ad-Hoc|Mixed Platforms.ActiveCfg = Ad-Hoc|iPhone
		{C3B5DA25-4142-4AA6-A32F-5F27A698121C}.Ad-Hoc|Mixed Platforms.Build.0 = Ad-Hoc|iPhone
		{C3B5DA25-4142-4AA6-A32F-5F27A698121C}.AppStore|Any CPU.ActiveCfg = AppStore|iPhone
		{C3B5DA25-4142-4AA6-A32F-5F27A698121C}.AppStore|iPhone.ActiveCfg = AppStore|iPhone
		{C3B5DA25-4142-4AA6-A32F-5F27A698121C}.AppStore|iPhone.Build.0 = AppStore|iPhone
		{C3B5DA25-4142-4AA6-A32F-5F27A698121C}.AppStore|iPhoneSimulator.ActiveCfg = AppStore|iPhoneSimulator
		{C3B5DA25-4142-4AA6-A32F-5F27A698121C}.AppStore|iPhoneSimulator.Build.0 = AppStore|iPhoneSimulator
		{C3B5DA25-4142-4AA6-A32F-5F27A698121C}.AppStore|Mixed Platforms.ActiveCfg = AppStore|iPhone
		{C3B5DA25-4142-4AA6-A32F-5F27A698121C}.AppStore|Mixed Platforms.Build.0 = AppStore|iPhone
		{C3B5DA25-4142-4AA6-A32F-5F27A698121C}.Debug|Any CPU.ActiveCfg = Debug|iPhone
		{C3B5DA25-4142-4AA6-A32F-5F27A698121C}.Debug|iPhone.ActiveCfg = Debug|iPhone
		{C3B5DA25-4142-4AA6-A32F-5F27A698121C}.Debug|iPhone.Build.0 = Debug|iPhone
		{C3B5DA25-4142-4AA6-A32F-5F27A698121C}.Debug|iPhoneSimulator.ActiveCfg = Debug|iPhoneSimulator
		{C3B5DA25-4142-4AA6-A32F-5F27A698121C}.Debug|iPhoneSimulator.Build.0 = Debug|iPhoneSimulator
		{C3B5DA25-4142-4AA6-A32F-5F27A698121C}.Debug|Mixed Platforms.ActiveCfg = Debug|iPhoneSimulator
		{C3B5DA25-4142-4AA6-A32F-5F27A698121C}.Debug|Mixed Platforms.Build.0 = Debug|iPhoneSimulator
		{C3B5DA25-4142-4AA6-A32F-5F27A698121C}.Release|Any CPU.ActiveCfg = Release|iPhone
		{C3B5DA25-4142-4AA6-A32F-5F27A698121C}.Release|iPhone.ActiveCfg = Release|iPhone
		{C3B5DA25-4142-4AA6-A32F-5F27A698121C}.Release|iPhone.Build.0 = Release|iPhone
		{C3B5DA25-4142-4AA6-A32F-5F27A698121C}.Release|iPhoneSimulator.ActiveCfg = Release|iPhoneSimulator
		{C3B5DA25-4142-4AA6-A32F-5F27A698121C}.Release|iPhoneSimulator.Build.0 = Release|iPhoneSimulator
		{C3B5DA25-4142-4AA6-A32F-5F27A698121C}.Release|Mixed Platforms.ActiveCfg = Release|iPhone
		{C3B5DA25-4142-4AA6-A32F-5F27A698121C}.Release|Mixed Platforms.Build.0 = Release|iPhone
	EndGlobalSection
	GlobalSection(SolutionProperties) = preSolution
		HideSolutionNode = FALSE
	EndGlobalSection
	GlobalSection(MonoDevelopProperties) = preSolution
		StartupItem = Doloco\Doloco.Android\Doloco.Android.csproj
	EndGlobalSection
EndGlobal
